
Microsoft Visual Studio Solution File, Format Version 12.00
# Visual Studio Version 17
VisualStudioVersion = 17.5.33530.505
MinimumVisualStudioVersion = 10.0.40219.1
Project("{9A19103F-16F7-4668-BE54-9A1E7A4F7556}") = "Bs.XML.SheetCommon", "Bs.XML.SheetCommon.csproj", "{0963B01F-126C-4ED1-A3DB-C1D3220A2473}"
EndProject
Global
	GlobalSection(SolutionConfigurationPlatforms) = preSolution
		Debug|Any CPU = Debug|Any CPU
		Release|Any CPU = Release|Any CPU
	EndGlobalSection
	GlobalSection(ProjectConfigurationPlatforms) = postSolution
		{0963B01F-126C-4ED1-A3DB-C1D3220A2473}.Debug|Any CPU.ActiveCfg = Debug|Any CPU
		{0963B01F-126C-4ED1-A3DB-C1D3220A2473}.Debug|Any CPU.Build.0 = Debug|Any CPU
		{0963B01F-126C-4ED1-A3DB-C1D3220A2473}.Release|Any CPU.ActiveCfg = Release|Any CPU
		{0963B01F-126C-4ED1-A3DB-C1D3220A2473}.Release|Any CPU.Build.0 = Release|Any CPU
	EndGlobalSection
	GlobalSection(SolutionProperties) = preSolution
		HideSolutionNode = FALSE
	EndGlobalSection
	GlobalSection(ExtensibilityGlobals) = postSolution
		SolutionGuid = {49718905-5409-4171-9456-02179F0E402E}
	EndGlobalSection
EndGlobal
